// !$*UTF8*$!
{
	archiveVersion = 1;
	classes = {
	};
	objectVersion = 55;
	objects = {

/* Begin PBXBuildFile section */
		3503EFD3FF76ACA21A891E4E /* Pods_Noted.framework in Frameworks */ = {isa = PBXBuildFile; fileRef = 644E09643982A1CFC1DBDA00 /* Pods_Noted.framework */; };
		8559C1AE281720C100AB7DE6 /* AppDelegate.swift in Sources */ = {isa = PBXBuildFile; fileRef = 8559C1AD281720C100AB7DE6 /* AppDelegate.swift */; };
		8559C1B0281720C100AB7DE6 /* SceneDelegate.swift in Sources */ = {isa = PBXBuildFile; fileRef = 8559C1AF281720C100AB7DE6 /* SceneDelegate.swift */; };
		8559C1B2281720C100AB7DE6 /* ListViewController.swift in Sources */ = {isa = PBXBuildFile; fileRef = 8559C1B1281720C100AB7DE6 /* ListViewController.swift */; };
		8559C1B5281720C100AB7DE6 /* Main.storyboard in Resources */ = {isa = PBXBuildFile; fileRef = 8559C1B3281720C100AB7DE6 /* Main.storyboard */; };
		8559C1B7281720C300AB7DE6 /* Assets.xcassets in Resources */ = {isa = PBXBuildFile; fileRef = 8559C1B6281720C300AB7DE6 /* Assets.xcassets */; };
		8559C1BA281720C300AB7DE6 /* LaunchScreen.storyboard in Resources */ = {isa = PBXBuildFile; fileRef = 8559C1B8281720C300AB7DE6 /* LaunchScreen.storyboard */; };
		8559C1C2281721A200AB7DE6 /* TableViewCell.swift in Sources */ = {isa = PBXBuildFile; fileRef = 8559C1C1281721A200AB7DE6 /* TableViewCell.swift */; };
		8559C1C42817264E00AB7DE6 /* ConversionViewController.swift in Sources */ = {isa = PBXBuildFile; fileRef = 8559C1C32817264E00AB7DE6 /* ConversionViewController.swift */; };
		8559C2082817594200AB7DE6 /* GoogleService-Info.plist in Resources */ = {isa = PBXBuildFile; fileRef = 8559C2072817594200AB7DE6 /* GoogleService-Info.plist */; };
		8559C20A2817757D00AB7DE6 /* UIViewController+alert.swift in Sources */ = {isa = PBXBuildFile; fileRef = 8559C2092817757D00AB7DE6 /* UIViewController+alert.swift */; };
		8559C2192819BD9D00AB7DE6 /* Upload.swift in Sources */ = {isa = PBXBuildFile; fileRef = 8559C2182819BD9D00AB7DE6 /* Upload.swift */; };
		8559C21B2819CC8A00AB7DE6 /* LoginViewController.swift in Sources */ = {isa = PBXBuildFile; fileRef = 8559C21A2819CC8A00AB7DE6 /* LoginViewController.swift */; };
		8559C21D2819CD7F00AB7DE6 /* NotedUser.swift in Sources */ = {isa = PBXBuildFile; fileRef = 8559C21C2819CD7F00AB7DE6 /* NotedUser.swift */; };
		8559C21F2819E06700AB7DE6 /* Uploads.swift in Sources */ = {isa = PBXBuildFile; fileRef = 8559C21E2819E06700AB7DE6 /* Uploads.swift */; };
		8559C2212819ED3E00AB7DE6 /* Photo.swift in Sources */ = {isa = PBXBuildFile; fileRef = 8559C2202819ED3E00AB7DE6 /* Photo.swift */; };
		8559C2232819EFAB00AB7DE6 /* Photos.swift in Sources */ = {isa = PBXBuildFile; fileRef = 8559C2222819EFAB00AB7DE6 /* Photos.swift */; };
/* End PBXBuildFile section */

/* Begin PBXFileReference section */
		061124AE8BF7354EF6F66AF3 /* Pods-Noted.release.xcconfig */ = {isa = PBXFileReference; includeInIndex = 1; lastKnownFileType = text.xcconfig; name = "Pods-Noted.release.xcconfig"; path = "Target Support Files/Pods-Noted/Pods-Noted.release.xcconfig"; sourceTree = "<group>"; };
		644E09643982A1CFC1DBDA00 /* Pods_Noted.framework */ = {isa = PBXFileReference; explicitFileType = wrapper.framework; includeInIndex = 0; path = Pods_Noted.framework; sourceTree = BUILT_PRODUCTS_DIR; };
		8559C1AA281720C100AB7DE6 /* Noted.app */ = {isa = PBXFileReference; explicitFileType = wrapper.application; includeInIndex = 0; path = Noted.app; sourceTree = BUILT_PRODUCTS_DIR; };
		8559C1AD281720C100AB7DE6 /* AppDelegate.swift */ = {isa = PBXFileReference; lastKnownFileType = sourcecode.swift; path = AppDelegate.swift; sourceTree = "<group>"; };
		8559C1AF281720C100AB7DE6 /* SceneDelegate.swift */ = {isa = PBXFileReference; lastKnownFileType = sourcecode.swift; path = SceneDelegate.swift; sourceTree = "<group>"; };
		8559C1B1281720C100AB7DE6 /* ListViewController.swift */ = {isa = PBXFileReference; lastKnownFileType = sourcecode.swift; path = ListViewController.swift; sourceTree = "<group>"; };
		8559C1B4281720C100AB7DE6 /* Base */ = {isa = PBXFileReference; lastKnownFileType = file.storyboard; name = Base; path = Base.lproj/Main.storyboard; sourceTree = "<group>"; };
		8559C1B6281720C300AB7DE6 /* Assets.xcassets */ = {isa = PBXFileReference; lastKnownFileType = folder.assetcatalog; path = Assets.xcassets; sourceTree = "<group>"; };
		8559C1B9281720C300AB7DE6 /* Base */ = {isa = PBXFileReference; lastKnownFileType = file.storyboard; name = Base; path = Base.lproj/LaunchScreen.storyboard; sourceTree = "<group>"; };
		8559C1BB281720C300AB7DE6 /* Info.plist */ = {isa = PBXFileReference; lastKnownFileType = text.plist.xml; path = Info.plist; sourceTree = "<group>"; };
		8559C1C1281721A200AB7DE6 /* TableViewCell.swift */ = {isa = PBXFileReference; lastKnownFileType = sourcecode.swift; path = TableViewCell.swift; sourceTree = "<group>"; };
		8559C1C32817264E00AB7DE6 /* ConversionViewController.swift */ = {isa = PBXFileReference; lastKnownFileType = sourcecode.swift; path = ConversionViewController.swift; sourceTree = "<group>"; };
		8559C2072817594200AB7DE6 /* GoogleService-Info.plist */ = {isa = PBXFileReference; lastKnownFileType = text.plist; path = "GoogleService-Info.plist"; sourceTree = SOURCE_ROOT; };
		8559C2092817757D00AB7DE6 /* UIViewController+alert.swift */ = {isa = PBXFileReference; lastKnownFileType = sourcecode.swift; path = "UIViewController+alert.swift"; sourceTree = "<group>"; };
		8559C2182819BD9D00AB7DE6 /* Upload.swift */ = {isa = PBXFileReference; lastKnownFileType = sourcecode.swift; path = Upload.swift; sourceTree = "<group>"; };
		8559C21A2819CC8A00AB7DE6 /* LoginViewController.swift */ = {isa = PBXFileReference; lastKnownFileType = sourcecode.swift; path = LoginViewController.swift; sourceTree = "<group>"; };
		8559C21C2819CD7F00AB7DE6 /* NotedUser.swift */ = {isa = PBXFileReference; lastKnownFileType = sourcecode.swift; path = NotedUser.swift; sourceTree = "<group>"; };
		8559C21E2819E06700AB7DE6 /* Uploads.swift */ = {isa = PBXFileReference; lastKnownFileType = sourcecode.swift; path = Uploads.swift; sourceTree = "<group>"; };
		8559C2202819ED3E00AB7DE6 /* Photo.swift */ = {isa = PBXFileReference; lastKnownFileType = sourcecode.swift; path = Photo.swift; sourceTree = "<group>"; };
		8559C2222819EFAB00AB7DE6 /* Photos.swift */ = {isa = PBXFileReference; lastKnownFileType = sourcecode.swift; path = Photos.swift; sourceTree = "<group>"; };
		FEF357FC988EFC834473C087 /* Pods-Noted.debug.xcconfig */ = {isa = PBXFileReference; includeInIndex = 1; lastKnownFileType = text.xcconfig; name = "Pods-Noted.debug.xcconfig"; path = "Target Support Files/Pods-Noted/Pods-Noted.debug.xcconfig"; sourceTree = "<group>"; };
/* End PBXFileReference section */

/* Begin PBXFrameworksBuildPhase section */
		8559C1A7281720C100AB7DE6 /* Frameworks */ = {
			isa = PBXFrameworksBuildPhase;
			buildActionMask = 2147483647;
			files = (
				3503EFD3FF76ACA21A891E4E /* Pods_Noted.framework in Frameworks */,
			);
			runOnlyForDeploymentPostprocessing = 0;
		};
/* End PBXFrameworksBuildPhase section */

/* Begin PBXGroup section */
		8559C1A1281720C100AB7DE6 = {
			isa = PBXGroup;
			children = (
				8559C1AC281720C100AB7DE6 /* Noted */,
				8559C1AB281720C100AB7DE6 /* Products */,
				F1E54B31416521EFC97CAACA /* Pods */,
				D6DE86CB174EB60E6B7C43A1 /* Frameworks */,
			);
			sourceTree = "<group>";
		};
		8559C1AB281720C100AB7DE6 /* Products */ = {
			isa = PBXGroup;
			children = (
				8559C1AA281720C100AB7DE6 /* Noted.app */,
			);
			name = Products;
			sourceTree = "<group>";
		};
		8559C1AC281720C100AB7DE6 /* Noted */ = {
			isa = PBXGroup;
			children = (
				8559C1AD281720C100AB7DE6 /* AppDelegate.swift */,
				8559C1AF281720C100AB7DE6 /* SceneDelegate.swift */,
				8559C2182819BD9D00AB7DE6 /* Upload.swift */,
				8559C21E2819E06700AB7DE6 /* Uploads.swift */,
				8559C2202819ED3E00AB7DE6 /* Photo.swift */,
				8559C2222819EFAB00AB7DE6 /* Photos.swift */,
				8559C21C2819CD7F00AB7DE6 /* NotedUser.swift */,
				8559C21A2819CC8A00AB7DE6 /* LoginViewController.swift */,
				8559C1B1281720C100AB7DE6 /* ListViewController.swift */,
				8559C1C32817264E00AB7DE6 /* ConversionViewController.swift */,
				8559C1C1281721A200AB7DE6 /* TableViewCell.swift */,
				8559C2092817757D00AB7DE6 /* UIViewController+alert.swift */,
				8559C1B3281720C100AB7DE6 /* Main.storyboard */,
				8559C1B6281720C300AB7DE6 /* Assets.xcassets */,
				8559C1B8281720C300AB7DE6 /* LaunchScreen.storyboard */,
				8559C1BB281720C300AB7DE6 /* Info.plist */,
				8559C2072817594200AB7DE6 /* GoogleService-Info.plist */,
			);
			path = Noted;
			sourceTree = "<group>";
		};
		D6DE86CB174EB60E6B7C43A1 /* Frameworks */ = {
			isa = PBXGroup;
			children = (
				644E09643982A1CFC1DBDA00 /* Pods_Noted.framework */,
			);
			name = Frameworks;
			sourceTree = "<group>";
		};
		F1E54B31416521EFC97CAACA /* Pods */ = {
			isa = PBXGroup;
			children = (
				FEF357FC988EFC834473C087 /* Pods-Noted.debug.xcconfig */,
				061124AE8BF7354EF6F66AF3 /* Pods-Noted.release.xcconfig */,
			);
			path = Pods;
			sourceTree = "<group>";
		};
/* End PBXGroup section */

/* Begin PBXNativeTarget section */
		8559C1A9281720C100AB7DE6 /* Noted */ = {
			isa = PBXNativeTarget;
			buildConfigurationList = 8559C1BE281720C300AB7DE6 /* Build configuration list for PBXNativeTarget "Noted" */;
			buildPhases = (
				C1ED8016135B91DA90386CCD /* [CP] Check Pods Manifest.lock */,
				8559C1A6281720C100AB7DE6 /* Sources */,
				8559C1A7281720C100AB7DE6 /* Frameworks */,
				8559C1A8281720C100AB7DE6 /* Resources */,
				3D208B3C0416CEB88F694BC5 /* [CP] Embed Pods Frameworks */,
				B44374A063B724279409349B /* [CP] Copy Pods Resources */,
			);
			buildRules = (
			);
			dependencies = (
			);
			name = Noted;
			packageProductDependencies = (
			);
			productName = Noted;
			productReference = 8559C1AA281720C100AB7DE6 /* Noted.app */;
			productType = "com.apple.product-type.application";
		};
/* End PBXNativeTarget section */

/* Begin PBXProject section */
		8559C1A2281720C100AB7DE6 /* Project object */ = {
			isa = PBXProject;
			attributes = {
				BuildIndependentTargetsInParallel = 1;
				LastSwiftUpdateCheck = 1330;
				LastUpgradeCheck = 1330;
				TargetAttributes = {
					8559C1A9281720C100AB7DE6 = {
						CreatedOnToolsVersion = 13.3.1;
					};
				};
			};
			buildConfigurationList = 8559C1A5281720C100AB7DE6 /* Build configuration list for PBXProject "Noted" */;
			compatibilityVersion = "Xcode 13.0";
			developmentRegion = en;
			hasScannedForEncodings = 0;
			knownRegions = (
				en,
				Base,
			);
			mainGroup = 8559C1A1281720C100AB7DE6;
			packageReferences = (
			);
			productRefGroup = 8559C1AB281720C100AB7DE6 /* Products */;
			projectDirPath = "";
			projectRoot = "";
			targets = (
				8559C1A9281720C100AB7DE6 /* Noted */,
			);
		};
/* End PBXProject section */

/* Begin PBXResourcesBuildPhase section */
		8559C1A8281720C100AB7DE6 /* Resources */ = {
			isa = PBXResourcesBuildPhase;
			buildActionMask = 2147483647;
			files = (
				8559C1BA281720C300AB7DE6 /* LaunchScreen.storyboard in Resources */,
				8559C2082817594200AB7DE6 /* GoogleService-Info.plist in Resources */,
				8559C1B7281720C300AB7DE6 /* Assets.xcassets in Resources */,
				8559C1B5281720C100AB7DE6 /* Main.storyboard in Resources */,
			);
			runOnlyForDeploymentPostprocessing = 0;
		};
/* End PBXResourcesBuildPhase section */

/* Begin PBXShellScriptBuildPhase section */
		3D208B3C0416CEB88F694BC5 /* [CP] Embed Pods Frameworks */ = {
			isa = PBXShellScriptBuildPhase;
			buildActionMask = 2147483647;
			files = (
			);
			inputFileListPaths = (
				"${PODS_ROOT}/Target Support Files/Pods-Noted/Pods-Noted-frameworks-${CONFIGURATION}-input-files.xcfilelist",
			);
			name = "[CP] Embed Pods Frameworks";
			outputFileListPaths = (
				"${PODS_ROOT}/Target Support Files/Pods-Noted/Pods-Noted-frameworks-${CONFIGURATION}-output-files.xcfilelist",
			);
			runOnlyForDeploymentPostprocessing = 0;
			shellPath = /bin/sh;
			shellScript = "\"${PODS_ROOT}/Target Support Files/Pods-Noted/Pods-Noted-frameworks.sh\"\n";
			showEnvVarsInLog = 0;
		};
		B44374A063B724279409349B /* [CP] Copy Pods Resources */ = {
			isa = PBXShellScriptBuildPhase;
			buildActionMask = 2147483647;
			files = (
			);
			inputFileListPaths = (
				"${PODS_ROOT}/Target Support Files/Pods-Noted/Pods-Noted-resources-${CONFIGURATION}-input-files.xcfilelist",
			);
			name = "[CP] Copy Pods Resources";
			outputFileListPaths = (
				"${PODS_ROOT}/Target Support Files/Pods-Noted/Pods-Noted-resources-${CONFIGURATION}-output-files.xcfilelist",
			);
			runOnlyForDeploymentPostprocessing = 0;
			shellPath = /bin/sh;
			shellScript = "\"${PODS_ROOT}/Target Support Files/Pods-Noted/Pods-Noted-resources.sh\"\n";
			showEnvVarsInLog = 0;
		};
		C1ED8016135B91DA90386CCD /* [CP] Check Pods Manifest.lock */ = {
			isa = PBXShellScriptBuildPhase;
			buildActionMask = 2147483647;
			files = (
			);
			inputFileListPaths = (
			);
			inputPaths = (
				"${PODS_PODFILE_DIR_PATH}/Podfile.lock",
				"${PODS_ROOT}/Manifest.lock",
			);
			name = "[CP] Check Pods Manifest.lock";
			outputFileListPaths = (
			);
			outputPaths = (
				"$(DERIVED_FILE_DIR)/Pods-Noted-checkManifestLockResult.txt",
			);
			runOnlyForDeploymentPostprocessing = 0;
			shellPath = /bin/sh;
			shellScript = "diff \"${PODS_PODFILE_DIR_PATH}/Podfile.lock\" \"${PODS_ROOT}/Manifest.lock\" > /dev/null\nif [ $? != 0 ] ; then\n    # print error to STDERR\n    echo \"error: The sandbox is not in sync with the Podfile.lock. Run 'pod install' or update your CocoaPods installation.\" >&2\n    exit 1\nfi\n# This output is used by Xcode 'outputs' to avoid re-running this script phase.\necho \"SUCCESS\" > \"${SCRIPT_OUTPUT_FILE_0}\"\n";
			showEnvVarsInLog = 0;
		};
/* End PBXShellScriptBuildPhase section */

/* Begin PBXSourcesBuildPhase section */
		8559C1A6281720C100AB7DE6 /* Sources */ = {
			isa = PBXSourcesBuildPhase;
			buildActionMask = 2147483647;
			files = (
				8559C2232819EFAB00AB7DE6 /* Photos.swift in Sources */,
				8559C21F2819E06700AB7DE6 /* Uploads.swift in Sources */,
				8559C2192819BD9D00AB7DE6 /* Upload.swift in Sources */,
				8559C1B2281720C100AB7DE6 /* ListViewController.swift in Sources */,
				8559C1C42817264E00AB7DE6 /* ConversionViewController.swift in Sources */,
				8559C1C2281721A200AB7DE6 /* TableViewCell.swift in Sources */,
				8559C21D2819CD7F00AB7DE6 /* NotedUser.swift in Sources */,
				8559C21B2819CC8A00AB7DE6 /* LoginViewController.swift in Sources */,
				8559C2212819ED3E00AB7DE6 /* Photo.swift in Sources */,
				8559C20A2817757D00AB7DE6 /* UIViewController+alert.swift in Sources */,
				8559C1AE281720C100AB7DE6 /* AppDelegate.swift in Sources */,
				8559C1B0281720C100AB7DE6 /* SceneDelegate.swift in Sources */,
			);
			runOnlyForDeploymentPostprocessing = 0;
		};
/* End PBXSourcesBuildPhase section */

/* Begin PBXVariantGroup section */
		8559C1B3281720C100AB7DE6 /* Main.storyboard */ = {
			isa = PBXVariantGroup;
			children = (
				8559C1B4281720C100AB7DE6 /* Base */,
			);
			name = Main.storyboard;
			sourceTree = "<group>";
		};
		8559C1B8281720C300AB7DE6 /* LaunchScreen.storyboard */ = {
			isa = PBXVariantGroup;
			children = (
				8559C1B9281720C300AB7DE6 /* Base */,
			);
			name = LaunchScreen.storyboard;
			sourceTree = "<group>";
		};
/* End PBXVariantGroup section */

/* Begin XCBuildConfiguration section */
		8559C1BC281720C300AB7DE6 /* Debug */ = {
			isa = XCBuildConfiguration;
			buildSettings = {
				ALWAYS_SEARCH_USER_PATHS = NO;
				CLANG_ANALYZER_NONNULL = YES;
				CLANG_ANALYZER_NUMBER_OBJECT_CONVERSION = YES_AGGRESSIVE;
				CLANG_CXX_LANGUAGE_STANDARD = "gnu++17";
				CLANG_ENABLE_MODULES = YES;
				CLANG_ENABLE_OBJC_ARC = YES;
				CLANG_ENABLE_OBJC_WEAK = YES;
				CLANG_WARN_BLOCK_CAPTURE_AUTORELEASING = YES;
				CLANG_WARN_BOOL_CONVERSION = YES;
				CLANG_WARN_COMMA = YES;
				CLANG_WARN_CONSTANT_CONVERSION = YES;
				CLANG_WARN_DEPRECATED_OBJC_IMPLEMENTATIONS = YES;
				CLANG_WARN_DIRECT_OBJC_ISA_USAGE = YES_ERROR;
				CLANG_WARN_DOCUMENTATION_COMMENTS = YES;
				CLANG_WARN_EMPTY_BODY = YES;
				CLANG_WARN_ENUM_CONVERSION = YES;
				CLANG_WARN_INFINITE_RECURSION = YES;
				CLANG_WARN_INT_CONVERSION = YES;
				CLANG_WARN_NON_LITERAL_NULL_CONVERSION = YES;
				CLANG_WARN_OBJC_IMPLICIT_RETAIN_SELF = YES;
				CLANG_WARN_OBJC_LITERAL_CONVERSION = YES;
				CLANG_WARN_OBJC_ROOT_CLASS = YES_ERROR;
				CLANG_WARN_QUOTED_INCLUDE_IN_FRAMEWORK_HEADER = YES;
				CLANG_WARN_RANGE_LOOP_ANALYSIS = YES;
				CLANG_WARN_STRICT_PROTOTYPES = YES;
				CLANG_WARN_SUSPICIOUS_MOVE = YES;
				CLANG_WARN_UNGUARDED_AVAILABILITY = YES_AGGRESSIVE;
				CLANG_WARN_UNREACHABLE_CODE = YES;
				CLANG_WARN__DUPLICATE_METHOD_MATCH = YES;
				COPY_PHASE_STRIP = NO;
				DEBUG_INFORMATION_FORMAT = dwarf;
				ENABLE_STRICT_OBJC_MSGSEND = YES;
				ENABLE_TESTABILITY = YES;
				GCC_C_LANGUAGE_STANDARD = gnu11;
				GCC_DYNAMIC_NO_PIC = NO;
				GCC_NO_COMMON_BLOCKS = YES;
				GCC_OPTIMIZATION_LEVEL = 0;
				GCC_PREPROCESSOR_DEFINITIONS = (
					"DEBUG=1",
					"$(inherited)",
				);
				GCC_WARN_64_TO_32_BIT_CONVERSION = YES;
				GCC_WARN_ABOUT_RETURN_TYPE = YES_ERROR;
				GCC_WARN_UNDECLARED_SELECTOR = YES;
				GCC_WARN_UNINITIALIZED_AUTOS = YES_AGGRESSIVE;
				GCC_WARN_UNUSED_FUNCTION = YES;
				GCC_WARN_UNUSED_VARIABLE = YES;
				IPHONEOS_DEPLOYMENT_TARGET = 15.4;
				MTL_ENABLE_DEBUG_INFO = INCLUDE_SOURCE;
				MTL_FAST_MATH = YES;
				ONLY_ACTIVE_ARCH = YES;
				SDKROOT = iphoneos;
				SWIFT_ACTIVE_COMPILATION_CONDITIONS = DEBUG;
				SWIFT_OPTIMIZATION_LEVEL = "-Onone";
			};
			name = Debug;
		};
		8559C1BD281720C300AB7DE6 /* Release */ = {
			isa = XCBuildConfiguration;
			buildSettings = {
				ALWAYS_SEARCH_USER_PATHS = NO;
				CLANG_ANALYZER_NONNULL = YES;
				CLANG_ANALYZER_NUMBER_OBJECT_CONVERSION = YES_AGGRESSIVE;
				CLANG_CXX_LANGUAGE_STANDARD = "gnu++17";
				CLANG_ENABLE_MODULES = YES;
				CLANG_ENABLE_OBJC_ARC = YES;
				CLANG_ENABLE_OBJC_WEAK = YES;
				CLANG_WARN_BLOCK_CAPTURE_AUTORELEASING = YES;
				CLANG_WARN_BOOL_CONVERSION = YES;
				CLANG_WARN_COMMA = YES;
				CLANG_WARN_CONSTANT_CONVERSION = YES;
				CLANG_WARN_DEPRECATED_OBJC_IMPLEMENTATIONS = YES;
				CLANG_WARN_DIRECT_OBJC_ISA_USAGE = YES_ERROR;
				CLANG_WARN_DOCUMENTATION_COMMENTS = YES;
				CLANG_WARN_EMPTY_BODY = YES;
				CLANG_WARN_ENUM_CONVERSION = YES;
				CLANG_WARN_INFINITE_RECURSION = YES;
				CLANG_WARN_INT_CONVERSION = YES;
				CLANG_WARN_NON_LITERAL_NULL_CONVERSION = YES;
				CLANG_WARN_OBJC_IMPLICIT_RETAIN_SELF = YES;
				CLANG_WARN_OBJC_LITERAL_CONVERSION = YES;
				CLANG_WARN_OBJC_ROOT_CLASS = YES_ERROR;
				CLANG_WARN_QUOTED_INCLUDE_IN_FRAMEWORK_HEADER = YES;
				CLANG_WARN_RANGE_LOOP_ANALYSIS = YES;
				CLANG_WARN_STRICT_PROTOTYPES = YES;
				CLANG_WARN_SUSPICIOUS_MOVE = YES;
				CLANG_WARN_UNGUARDED_AVAILABILITY = YES_AGGRESSIVE;
				CLANG_WARN_UNREACHABLE_CODE = YES;
				CLANG_WARN__DUPLICATE_METHOD_MATCH = YES;
				COPY_PHASE_STRIP = NO;
				DEBUG_INFORMATION_FORMAT = "dwarf-with-dsym";
				ENABLE_NS_ASSERTIONS = NO;
				ENABLE_STRICT_OBJC_MSGSEND = YES;
				GCC_C_LANGUAGE_STANDARD = gnu11;
				GCC_NO_COMMON_BLOCKS = YES;
				GCC_WARN_64_TO_32_BIT_CONVERSION = YES;
				GCC_WARN_ABOUT_RETURN_TYPE = YES_ERROR;
				GCC_WARN_UNDECLARED_SELECTOR = YES;
				GCC_WARN_UNINITIALIZED_AUTOS = YES_AGGRESSIVE;
				GCC_WARN_UNUSED_FUNCTION = YES;
				GCC_WARN_UNUSED_VARIABLE = YES;
				IPHONEOS_DEPLOYMENT_TARGET = 15.4;
				MTL_ENABLE_DEBUG_INFO = NO;
				MTL_FAST_MATH = YES;
				SDKROOT = iphoneos;
				SWIFT_COMPILATION_MODE = wholemodule;
				SWIFT_OPTIMIZATION_LEVEL = "-O";
				VALIDATE_PRODUCT = YES;
			};
			name = Release;
		};
		8559C1BF281720C300AB7DE6 /* Debug */ = {
			isa = XCBuildConfiguration;
			baseConfigurationReference = FEF357FC988EFC834473C087 /* Pods-Noted.debug.xcconfig */;
			buildSettings = {
				ASSETCATALOG_COMPILER_APPICON_NAME = AppIcon;
				ASSETCATALOG_COMPILER_GLOBAL_ACCENT_COLOR_NAME = AccentColor;
				CODE_SIGN_STYLE = Automatic;
				CURRENT_PROJECT_VERSION = 1;
				DEVELOPMENT_TEAM = G2YK9A2XVJ;
				GENERATE_INFOPLIST_FILE = YES;
				INFOPLIST_FILE = Noted/Info.plist;
				INFOPLIST_KEY_UIApplicationSupportsIndirectInputEvents = YES;
				INFOPLIST_KEY_UILaunchStoryboardName = LaunchScreen;
				INFOPLIST_KEY_UIMainStoryboardFile = Main;
				INFOPLIST_KEY_UISupportedInterfaceOrientations_iPad = "UIInterfaceOrientationPortrait UIInterfaceOrientationPortraitUpsideDown UIInterfaceOrientationLandscapeLeft UIInterfaceOrientationLandscapeRight";
				INFOPLIST_KEY_UISupportedInterfaceOrientations_iPhone = "UIInterfaceOrientationPortrait UIInterfaceOrientationLandscapeLeft UIInterfaceOrientationLandscapeRight";
				LD_RUNPATH_SEARCH_PATHS = (
					"$(inherited)",
					"@executable_path/Frameworks",
				);
				MARKETING_VERSION = 1.0;
				PRODUCT_BUNDLE_IDENTIFIER = "Derek-Marble.Noted";
				PRODUCT_NAME = "$(TARGET_NAME)";
				SWIFT_EMIT_LOC_STRINGS = YES;
				SWIFT_VERSION = 5.0;
				TARGETED_DEVICE_FAMILY = "1,2";
			};
			name = Debug;
		};
		8559C1C0281720C300AB7DE6 /* Release */ = {
			isa = XCBuildConfiguration;
			baseConfigurationReference = 061124AE8BF7354EF6F66AF3 /* Pods-Noted.release.xcconfig */;
			buildSettings = {
				ASSETCATALOG_COMPILER_APPICON_NAME = AppIcon;
				ASSETCATALOG_COMPILER_GLOBAL_ACCENT_COLOR_NAME = AccentColor;
				CODE_SIGN_STYLE = Automatic;
				CURRENT_PROJECT_VERSION = 1;
				DEVELOPMENT_TEAM = G2YK9A2XVJ;
				GENERATE_INFOPLIST_FILE = YES;
				INFOPLIST_FILE = Noted/Info.plist;
				INFOPLIST_KEY_UIApplicationSupportsIndirectInputEvents = YES;
				INFOPLIST_KEY_UILaunchStoryboardName = LaunchScreen;
				INFOPLIST_KEY_UIMainStoryboardFile = Main;
				INFOPLIST_KEY_UISupportedInterfaceOrientations_iPad = "UIInterfaceOrientationPortrait UIInterfaceOrientationPortraitUpsideDown UIInterfaceOrientationLandscapeLeft UIInterfaceOrientationLandscapeRight";
				INFOPLIST_KEY_UISupportedInterfaceOrientations_iPhone = "UIInterfaceOrientationPortrait UIInterfaceOrientationLandscapeLeft UIInterfaceOrientationLandscapeRight";
				LD_RUNPATH_SEARCH_PATHS = (
					"$(inherited)",
					"@executable_path/Frameworks",
				);
				MARKETING_VERSION = 1.0;
				PRODUCT_BUNDLE_IDENTIFIER = "Derek-Marble.Noted";
				PRODUCT_NAME = "$(TARGET_NAME)";
				SWIFT_EMIT_LOC_STRINGS = YES;
				SWIFT_VERSION = 5.0;
				TARGETED_DEVICE_FAMILY = "1,2";
			};
			name = Release;
		};
/* End XCBuildConfiguration section */

/* Begin XCConfigurationList section */
		8559C1A5281720C100AB7DE6 /* Build configuration list for PBXProject "Noted" */ = {
			isa = XCConfigurationList;
			buildConfigurations = (
				8559C1BC281720C300AB7DE6 /* Debug */,
				8559C1BD281720C300AB7DE6 /* Release */,
			);
			defaultConfigurationIsVisible = 0;
			defaultConfigurationName = Release;
		};
		8559C1BE281720C300AB7DE6 /* Build configuration list for PBXNativeTarget "Noted" */ = {
			isa = XCConfigurationList;
			buildConfigurations = (
				8559C1BF281720C300AB7DE6 /* Debug */,
				8559C1C0281720C300AB7DE6 /* Release */,
			);
			defaultConfigurationIsVisible = 0;
			defaultConfigurationName = Release;
		};
/* End XCConfigurationList section */
	};
	rootObject = 8559C1A2281720C100AB7DE6 /* Project object */;
}
